
Microsoft Visual Studio Solution File, Format Version 12.00
# Visual Studio Version 16
VisualStudioVersion = 16.0.30114.105
MinimumVisualStudioVersion = 10.0.40219.1
Project("{FAE04EC0-301F-11D3-BF4B-00C04F79EFBC}") = "mtg_app", "mtg_app\mtg_app.csproj", "{40AF3F54-A294-4945-81B8-81DD1FE1C06C}"
EndProject
Project("{FAE04EC0-301F-11D3-BF4B-00C04F79EFBC}") = "mtg_lib", "mtg_lib\mtg_lib.csproj", "{D0A8FFE4-F44F-4598-BED2-DBDE1E93AAF9}"
EndProject
Global
	GlobalSection(SolutionConfigurationPlatforms) = preSolution
		Debug|Any CPU = Debug|Any CPU
		Release|Any CPU = Release|Any CPU
	EndGlobalSection
	GlobalSection(SolutionProperties) = preSolution
		HideSolutionNode = FALSE
	EndGlobalSection
	GlobalSection(ProjectConfigurationPlatforms) = postSolution
		{40AF3F54-A294-4945-81B8-81DD1FE1C06C}.Debug|Any CPU.ActiveCfg = Debug|Any CPU
		{40AF3F54-A294-4945-81B8-81DD1FE1C06C}.Debug|Any CPU.Build.0 = Debug|Any CPU
		{40AF3F54-A294-4945-81B8-81DD1FE1C06C}.Release|Any CPU.ActiveCfg = Release|Any CPU
		{40AF3F54-A294-4945-81B8-81DD1FE1C06C}.Release|Any CPU.Build.0 = Release|Any CPU
		{D0A8FFE4-F44F-4598-BED2-DBDE1E93AAF9}.Debug|Any CPU.ActiveCfg = Debug|Any CPU
		{D0A8FFE4-F44F-4598-BED2-DBDE1E93AAF9}.Debug|Any CPU.Build.0 = Debug|Any CPU
		{D0A8FFE4-F44F-4598-BED2-DBDE1E93AAF9}.Release|Any CPU.ActiveCfg = Release|Any CPU
		{D0A8FFE4-F44F-4598-BED2-DBDE1E93AAF9}.Release|Any CPU.Build.0 = Release|Any CPU
	EndGlobalSection
EndGlobal
